
Microsoft Visual Studio Solution File, Format Version 12.00
# Visual Studio Version 16
VisualStudioVersion = 16.0.30128.74
MinimumVisualStudioVersion = 10.0.40219.1
Project("{FAE04EC0-301F-11D3-BF4B-00C04F79EFBC}") = "CoreHal.Reader", "CoreHal.Reader\CoreHal.Reader.csproj", "{CF8E76D9-D5C9-4A06-9C47-617336404941}"
EndProject
Project("{FAE04EC0-301F-11D3-BF4B-00C04F79EFBC}") = "CoreHal.Reader.Tests", "CoreHal.Reader.Tests\CoreHal.Reader.Tests.csproj", "{10F88FD0-49FC-48AF-B9E9-DD1C9CFCF941}"
EndProject
Global
	GlobalSection(SolutionConfigurationPlatforms) = preSolution
		Debug|Any CPU = Debug|Any CPU
		Release|Any CPU = Release|Any CPU
	EndGlobalSection
	GlobalSection(ProjectConfigurationPlatforms) = postSolution
		{CF8E76D9-D5C9-4A06-9C47-617336404941}.Debug|Any CPU.ActiveCfg = Debug|Any CPU
		{CF8E76D9-D5C9-4A06-9C47-617336404941}.Debug|Any CPU.Build.0 = Debug|Any CPU
		{CF8E76D9-D5C9-4A06-9C47-617336404941}.Release|Any CPU.ActiveCfg = Release|Any CPU
		{CF8E76D9-D5C9-4A06-9C47-617336404941}.Release|Any CPU.Build.0 = Release|Any CPU
		{10F88FD0-49FC-48AF-B9E9-DD1C9CFCF941}.Debug|Any CPU.ActiveCfg = Debug|Any CPU
		{10F88FD0-49FC-48AF-B9E9-DD1C9CFCF941}.Debug|Any CPU.Build.0 = Debug|Any CPU
		{10F88FD0-49FC-48AF-B9E9-DD1C9CFCF941}.Release|Any CPU.ActiveCfg = Release|Any CPU
		{10F88FD0-49FC-48AF-B9E9-DD1C9CFCF941}.Release|Any CPU.Build.0 = Release|Any CPU
	EndGlobalSection
	GlobalSection(SolutionProperties) = preSolution
		HideSolutionNode = FALSE
	EndGlobalSection
	GlobalSection(ExtensibilityGlobals) = postSolution
		SolutionGuid = {F47C18B0-EF1D-47EB-BBC9-E4390214A180}
	EndGlobalSection
EndGlobal
